
Microsoft Visual Studio Solution File, Format Version 12.00
# Visual Studio Version 16
VisualStudioVersion = 16.0.31424.327
MinimumVisualStudioVersion = 10.0.40219.1
Project("{FAE04EC0-301F-11D3-BF4B-00C04F79EFBC}") = "MinMax", "MinMax\MinMax.csproj", "{41D24ED4-7F14-43C2-BE77-A3A3F2E16E33}"
EndProject
Global
	GlobalSection(SolutionConfigurationPlatforms) = preSolution
		Debug|Any CPU = Debug|Any CPU
		Release|Any CPU = Release|Any CPU
	EndGlobalSection
	GlobalSection(ProjectConfigurationPlatforms) = postSolution
		{41D24ED4-7F14-43C2-BE77-A3A3F2E16E33}.Debug|Any CPU.ActiveCfg = Debug|Any CPU
		{41D24ED4-7F14-43C2-BE77-A3A3F2E16E33}.Debug|Any CPU.Build.0 = Debug|Any CPU
		{41D24ED4-7F14-43C2-BE77-A3A3F2E16E33}.Release|Any CPU.ActiveCfg = Release|Any CPU
		{41D24ED4-7F14-43C2-BE77-A3A3F2E16E33}.Release|Any CPU.Build.0 = Release|Any CPU
	EndGlobalSection
	GlobalSection(SolutionProperties) = preSolution
		HideSolutionNode = FALSE
	EndGlobalSection
	GlobalSection(ExtensibilityGlobals) = postSolution
		SolutionGuid = {B10972CE-9FE4-46D9-B4C2-24B4EECBCA82}
	EndGlobalSection
EndGlobal
